
Microsoft Visual Studio Solution File, Format Version 12.00
# Visual Studio 14
VisualStudioVersion = 14.0.25123.0
MinimumVisualStudioVersion = 10.0.40219.1
Project("{2150E333-8FDC-42A3-9474-1A3956D46DE8}") = "Tests", "Tests", "{C2FDD942-33E3-4A7E-BEA9-7E5985C09654}"
EndProject
Project("{2150E333-8FDC-42A3-9474-1A3956D46DE8}") = "Contracts", "Contracts", "{3816AC8C-E4EF-4A67-80B6-3B1F6F7BCD97}"
EndProject
Project("{2150E333-8FDC-42A3-9474-1A3956D46DE8}") = "Doc", "Doc", "{507786C7-21D3-4A50-B26B-C051113ECD24}"
	ProjectSection(SolutionItems) = preProject
		LICENSE = LICENSE
		README.md = README.md
	EndProjectSection
EndProject
Project("{FAE04EC0-301F-11D3-BF4B-00C04F79EFBC}") = "DataLoader", "DataLoader\DataLoader.csproj", "{D773D9A0-5791-4D43-BB7F-FF406B00CB0A}"
EndProject
Project("{FAE04EC0-301F-11D3-BF4B-00C04F79EFBC}") = "DataLoader.Test", "DataLoader.Test\DataLoader.Test.csproj", "{2473730B-1C9C-4A2A-8E1F-56E7611ED833}"
EndProject
Project("{FAE04EC0-301F-11D3-BF4B-00C04F79EFBC}") = "GraphDataService.Command.Contract", "GraphDataService.Command.Contract\GraphDataService.Command.Contract.csproj", "{7210AC12-E23E-45A0-8320-91562C489BD9}"
EndProject
Project("{FAE04EC0-301F-11D3-BF4B-00C04F79EFBC}") = "GraphDataService.Command", "GraphDataService.Command\GraphDataService.Command.csproj", "{158E584D-0C0E-4D2A-8665-7FB3E8C6D218}"
EndProject
Project("{FAE04EC0-301F-11D3-BF4B-00C04F79EFBC}") = "GraphDataService.Command.Tests", "GraphDataService.Command.Tests\GraphDataService.Command.Tests.csproj", "{6F6AFD7E-4F82-474B-B082-29BA42FB26AD}"
EndProject
Project("{FAE04EC0-301F-11D3-BF4B-00C04F79EFBC}") = "Common", "Common\Common.csproj", "{97E482FE-952E-4FE2-9975-5DE4F56E6B5B}"
EndProject
Project("{FAE04EC0-301F-11D3-BF4B-00C04F79EFBC}") = "GraphDataService.Query.Contract", "GraphDataService.Query.Contract\GraphDataService.Query.Contract.csproj", "{2AAD2DFA-54EA-4B22-AE2C-5CDBB7C229EA}"
EndProject
Project("{FAE04EC0-301F-11D3-BF4B-00C04F79EFBC}") = "GraphBusinessService.ShortestPath.Contract", "GraphBusinessService.ShortestPath.Contract\GraphBusinessService.ShortestPath.Contract.csproj", "{0D9325EB-E8B3-4721-99AB-560516880161}"
EndProject
Project("{FAE04EC0-301F-11D3-BF4B-00C04F79EFBC}") = "GraphDataService.Query", "GraphDataService.Query\GraphDataService.Query.csproj", "{13F3ABA5-92FE-4D58-AD28-3EC5BB801F1E}"
EndProject
Project("{FAE04EC0-301F-11D3-BF4B-00C04F79EFBC}") = "GraphDataService.Query.Tests", "GraphDataService.Query.Tests\GraphDataService.Query.Tests.csproj", "{4C156780-2ECE-43DE-B7AE-970E404ADE59}"
EndProject
Project("{FAE04EC0-301F-11D3-BF4B-00C04F79EFBC}") = "GraphBusinessService.ShortestPath", "GraphBusinessService.ShortestPath\GraphBusinessService.ShortestPath.csproj", "{A15CA87B-A708-400D-AA8D-B02C5F18C30E}"
EndProject
Project("{FAE04EC0-301F-11D3-BF4B-00C04F79EFBC}") = "GraphBusinessService.ShortestPath.Tests", "GraphBusinessService.ShortestPath.Tests\GraphBusinessService.ShortestPath.Tests.csproj", "{6CB39E38-0AA9-4990-8F8C-DA927A0D0C9A}"
EndProject
Project("{FAE04EC0-301F-11D3-BF4B-00C04F79EFBC}") = "GraphVisualization", "GraphVisualization\GraphVisualization.csproj", "{ED6776A9-E5A9-4F44-82DC-EB070185727A}"
EndProject
Global
	GlobalSection(SolutionConfigurationPlatforms) = preSolution
		Debug|Any CPU = Debug|Any CPU
		Release|Any CPU = Release|Any CPU
	EndGlobalSection
	GlobalSection(ProjectConfigurationPlatforms) = postSolution
		{D773D9A0-5791-4D43-BB7F-FF406B00CB0A}.Debug|Any CPU.ActiveCfg = Debug|Any CPU
		{D773D9A0-5791-4D43-BB7F-FF406B00CB0A}.Debug|Any CPU.Build.0 = Debug|Any CPU
		{D773D9A0-5791-4D43-BB7F-FF406B00CB0A}.Release|Any CPU.ActiveCfg = Release|Any CPU
		{D773D9A0-5791-4D43-BB7F-FF406B00CB0A}.Release|Any CPU.Build.0 = Release|Any CPU
		{2473730B-1C9C-4A2A-8E1F-56E7611ED833}.Debug|Any CPU.ActiveCfg = Debug|Any CPU
		{2473730B-1C9C-4A2A-8E1F-56E7611ED833}.Debug|Any CPU.Build.0 = Debug|Any CPU
		{2473730B-1C9C-4A2A-8E1F-56E7611ED833}.Release|Any CPU.ActiveCfg = Release|Any CPU
		{2473730B-1C9C-4A2A-8E1F-56E7611ED833}.Release|Any CPU.Build.0 = Release|Any CPU
		{7210AC12-E23E-45A0-8320-91562C489BD9}.Debug|Any CPU.ActiveCfg = Debug|Any CPU
		{7210AC12-E23E-45A0-8320-91562C489BD9}.Debug|Any CPU.Build.0 = Debug|Any CPU
		{7210AC12-E23E-45A0-8320-91562C489BD9}.Release|Any CPU.ActiveCfg = Release|Any CPU
		{7210AC12-E23E-45A0-8320-91562C489BD9}.Release|Any CPU.Build.0 = Release|Any CPU
		{158E584D-0C0E-4D2A-8665-7FB3E8C6D218}.Debug|Any CPU.ActiveCfg = Debug|Any CPU
		{158E584D-0C0E-4D2A-8665-7FB3E8C6D218}.Debug|Any CPU.Build.0 = Debug|Any CPU
		{158E584D-0C0E-4D2A-8665-7FB3E8C6D218}.Release|Any CPU.ActiveCfg = Release|Any CPU
		{158E584D-0C0E-4D2A-8665-7FB3E8C6D218}.Release|Any CPU.Build.0 = Release|Any CPU
		{6F6AFD7E-4F82-474B-B082-29BA42FB26AD}.Debug|Any CPU.ActiveCfg = Debug|Any CPU
		{6F6AFD7E-4F82-474B-B082-29BA42FB26AD}.Debug|Any CPU.Build.0 = Debug|Any CPU
		{6F6AFD7E-4F82-474B-B082-29BA42FB26AD}.Release|Any CPU.ActiveCfg = Release|Any CPU
		{6F6AFD7E-4F82-474B-B082-29BA42FB26AD}.Release|Any CPU.Build.0 = Release|Any CPU
		{97E482FE-952E-4FE2-9975-5DE4F56E6B5B}.Debug|Any CPU.ActiveCfg = Debug|Any CPU
		{97E482FE-952E-4FE2-9975-5DE4F56E6B5B}.Debug|Any CPU.Build.0 = Debug|Any CPU
		{97E482FE-952E-4FE2-9975-5DE4F56E6B5B}.Release|Any CPU.ActiveCfg = Release|Any CPU
		{97E482FE-952E-4FE2-9975-5DE4F56E6B5B}.Release|Any CPU.Build.0 = Release|Any CPU
		{2AAD2DFA-54EA-4B22-AE2C-5CDBB7C229EA}.Debug|Any CPU.ActiveCfg = Debug|Any CPU
		{2AAD2DFA-54EA-4B22-AE2C-5CDBB7C229EA}.Debug|Any CPU.Build.0 = Debug|Any CPU
		{2AAD2DFA-54EA-4B22-AE2C-5CDBB7C229EA}.Release|Any CPU.ActiveCfg = Release|Any CPU
		{2AAD2DFA-54EA-4B22-AE2C-5CDBB7C229EA}.Release|Any CPU.Build.0 = Release|Any CPU
		{0D9325EB-E8B3-4721-99AB-560516880161}.Debug|Any CPU.ActiveCfg = Debug|Any CPU
		{0D9325EB-E8B3-4721-99AB-560516880161}.Debug|Any CPU.Build.0 = Debug|Any CPU
		{0D9325EB-E8B3-4721-99AB-560516880161}.Release|Any CPU.ActiveCfg = Release|Any CPU
		{0D9325EB-E8B3-4721-99AB-560516880161}.Release|Any CPU.Build.0 = Release|Any CPU
		{13F3ABA5-92FE-4D58-AD28-3EC5BB801F1E}.Debug|Any CPU.ActiveCfg = Debug|Any CPU
		{13F3ABA5-92FE-4D58-AD28-3EC5BB801F1E}.Debug|Any CPU.Build.0 = Debug|Any CPU
		{13F3ABA5-92FE-4D58-AD28-3EC5BB801F1E}.Release|Any CPU.ActiveCfg = Release|Any CPU
		{13F3ABA5-92FE-4D58-AD28-3EC5BB801F1E}.Release|Any CPU.Build.0 = Release|Any CPU
		{4C156780-2ECE-43DE-B7AE-970E404ADE59}.Debug|Any CPU.ActiveCfg = Debug|Any CPU
		{4C156780-2ECE-43DE-B7AE-970E404ADE59}.Debug|Any CPU.Build.0 = Debug|Any CPU
		{4C156780-2ECE-43DE-B7AE-970E404ADE59}.Release|Any CPU.ActiveCfg = Release|Any CPU
		{4C156780-2ECE-43DE-B7AE-970E404ADE59}.Release|Any CPU.Build.0 = Release|Any CPU
		{A15CA87B-A708-400D-AA8D-B02C5F18C30E}.Debug|Any CPU.ActiveCfg = Debug|Any CPU
		{A15CA87B-A708-400D-AA8D-B02C5F18C30E}.Debug|Any CPU.Build.0 = Debug|Any CPU
		{A15CA87B-A708-400D-AA8D-B02C5F18C30E}.Release|Any CPU.ActiveCfg = Release|Any CPU
		{A15CA87B-A708-400D-AA8D-B02C5F18C30E}.Release|Any CPU.Build.0 = Release|Any CPU
		{6CB39E38-0AA9-4990-8F8C-DA927A0D0C9A}.Debug|Any CPU.ActiveCfg = Debug|Any CPU
		{6CB39E38-0AA9-4990-8F8C-DA927A0D0C9A}.Debug|Any CPU.Build.0 = Debug|Any CPU
		{6CB39E38-0AA9-4990-8F8C-DA927A0D0C9A}.Release|Any CPU.ActiveCfg = Release|Any CPU
		{6CB39E38-0AA9-4990-8F8C-DA927A0D0C9A}.Release|Any CPU.Build.0 = Release|Any CPU
		{ED6776A9-E5A9-4F44-82DC-EB070185727A}.Debug|Any CPU.ActiveCfg = Debug|Any CPU
		{ED6776A9-E5A9-4F44-82DC-EB070185727A}.Debug|Any CPU.Build.0 = Debug|Any CPU
		{ED6776A9-E5A9-4F44-82DC-EB070185727A}.Release|Any CPU.ActiveCfg = Release|Any CPU
		{ED6776A9-E5A9-4F44-82DC-EB070185727A}.Release|Any CPU.Build.0 = Release|Any CPU
	EndGlobalSection
	GlobalSection(SolutionProperties) = preSolution
		HideSolutionNode = FALSE
	EndGlobalSection
	GlobalSection(NestedProjects) = preSolution
		{2473730B-1C9C-4A2A-8E1F-56E7611ED833} = {C2FDD942-33E3-4A7E-BEA9-7E5985C09654}
		{7210AC12-E23E-45A0-8320-91562C489BD9} = {3816AC8C-E4EF-4A67-80B6-3B1F6F7BCD97}
		{6F6AFD7E-4F82-474B-B082-29BA42FB26AD} = {C2FDD942-33E3-4A7E-BEA9-7E5985C09654}
		{2AAD2DFA-54EA-4B22-AE2C-5CDBB7C229EA} = {3816AC8C-E4EF-4A67-80B6-3B1F6F7BCD97}
		{0D9325EB-E8B3-4721-99AB-560516880161} = {3816AC8C-E4EF-4A67-80B6-3B1F6F7BCD97}
		{4C156780-2ECE-43DE-B7AE-970E404ADE59} = {C2FDD942-33E3-4A7E-BEA9-7E5985C09654}
		{6CB39E38-0AA9-4990-8F8C-DA927A0D0C9A} = {C2FDD942-33E3-4A7E-BEA9-7E5985C09654}
	EndGlobalSection
	GlobalSection(ExtensibilityGlobals) = postSolution
		EnterpriseLibraryConfigurationToolBinariesPath = packages\Unity.2.1.505.0\lib\NET35
	EndGlobalSection
EndGlobal
